
Microsoft Visual Studio Solution File, Format Version 12.00
# Visual Studio Version 17
VisualStudioVersion = 17.1.32414.318
MinimumVisualStudioVersion = 10.0.40219.1
Project("{FAE04EC0-301F-11D3-BF4B-00C04F79EFBC}") = "MedTec_assignment_library-managament", "MedTec_assignment_library-managament\MedTec_assignment_library-managament.csproj", "{78681327-6D96-47A6-BCEE-5585E490274F}"
EndProject
Global
	GlobalSection(SolutionConfigurationPlatforms) = preSolution
		Debug|Any CPU = Debug|Any CPU
		Release|Any CPU = Release|Any CPU
	EndGlobalSection
	GlobalSection(ProjectConfigurationPlatforms) = postSolution
		{78681327-6D96-47A6-BCEE-5585E490274F}.Debug|Any CPU.ActiveCfg = Debug|Any CPU
		{78681327-6D96-47A6-BCEE-5585E490274F}.Debug|Any CPU.Build.0 = Debug|Any CPU
		{78681327-6D96-47A6-BCEE-5585E490274F}.Release|Any CPU.ActiveCfg = Release|Any CPU
		{78681327-6D96-47A6-BCEE-5585E490274F}.Release|Any CPU.Build.0 = Release|Any CPU
	EndGlobalSection
	GlobalSection(SolutionProperties) = preSolution
		HideSolutionNode = FALSE
	EndGlobalSection
	GlobalSection(ExtensibilityGlobals) = postSolution
		SolutionGuid = {55422B09-01A6-4781-A93D-71AFD0F5FF3B}
	EndGlobalSection
EndGlobal
